// !$*UTF8*$!
{
	archiveVersion = 1;
	classes = {
	};
	objectVersion = 56;
	objects = {

/* Begin PBXBuildFile section */
		95712D6F2C74661A00C50249 /* GymGymApp.swift in Sources */ = {isa = PBXBuildFile; fileRef = 95712D6E2C74661A00C50249 /* GymGymApp.swift */; };
		95712D712C74661A00C50249 /* ContentView.swift in Sources */ = {isa = PBXBuildFile; fileRef = 95712D702C74661A00C50249 /* ContentView.swift */; };
		95712D732C74661B00C50249 /* Assets.xcassets in Resources */ = {isa = PBXBuildFile; fileRef = 95712D722C74661B00C50249 /* Assets.xcassets */; };
		95712D762C74661B00C50249 /* Preview Assets.xcassets in Resources */ = {isa = PBXBuildFile; fileRef = 95712D752C74661B00C50249 /* Preview Assets.xcassets */; };
		95712D802C74661C00C50249 /* GymGymTests.swift in Sources */ = {isa = PBXBuildFile; fileRef = 95712D7F2C74661C00C50249 /* GymGymTests.swift */; };
		95712D8A2C74661C00C50249 /* GymGymUITests.swift in Sources */ = {isa = PBXBuildFile; fileRef = 95712D892C74661C00C50249 /* GymGymUITests.swift */; };
		95712D8C2C74661C00C50249 /* GymGymUITestsLaunchTests.swift in Sources */ = {isa = PBXBuildFile; fileRef = 95712D8B2C74661C00C50249 /* GymGymUITestsLaunchTests.swift */; };
		95712DA12C74A59900C50249 /* WorkoutView.swift in Sources */ = {isa = PBXBuildFile; fileRef = 95712DA02C74A59900C50249 /* WorkoutView.swift */; };
		95712DA32C74A5CB00C50249 /* RoutineView.swift in Sources */ = {isa = PBXBuildFile; fileRef = 95712DA22C74A5CB00C50249 /* RoutineView.swift */; };
		95712DA52C74A5D800C50249 /* RecordView.swift in Sources */ = {isa = PBXBuildFile; fileRef = 95712DA42C74A5D800C50249 /* RecordView.swift */; };
		95712DA72C74A5E000C50249 /* MoreView.swift in Sources */ = {isa = PBXBuildFile; fileRef = 95712DA62C74A5E000C50249 /* MoreView.swift */; };
		95712DAA2C74A8B400C50249 /* AddRoutineView.swift in Sources */ = {isa = PBXBuildFile; fileRef = 95712DA92C74A8B400C50249 /* AddRoutineView.swift */; };
		95712DAC2C74F54900C50249 /* AddWorkOutView.swift in Sources */ = {isa = PBXBuildFile; fileRef = 95712DAB2C74F54900C50249 /* AddWorkOutView.swift */; };
		95712DB02C74F89C00C50249 /* WorkPartSelection.swift in Sources */ = {isa = PBXBuildFile; fileRef = 95712DAF2C74F89C00C50249 /* WorkPartSelection.swift */; };
		95712DB22C75089300C50249 /* CustomTextField.swift in Sources */ = {isa = PBXBuildFile; fileRef = 95712DB12C75089300C50249 /* CustomTextField.swift */; };
		95712DB42C7654EF00C50249 /* HideKeyboard.swift in Sources */ = {isa = PBXBuildFile; fileRef = 95712DB32C7654EF00C50249 /* HideKeyboard.swift */; };
		95712DB62C77939B00C50249 /* Workout.swift in Sources */ = {isa = PBXBuildFile; fileRef = 95712DB52C77939B00C50249 /* Workout.swift */; };
		95712DB92C788CE600C50249 /* WorkoutManager.swift in Sources */ = {isa = PBXBuildFile; fileRef = 95712DB82C788CE600C50249 /* WorkoutManager.swift */; };
		95712DBB2C7B02A300C50249 /* ExpandableView.swift in Sources */ = {isa = PBXBuildFile; fileRef = 95712DBA2C7B02A300C50249 /* ExpandableView.swift */; };
		959A9B942C7DAB4F00B45AB5 /* RoutineManager.swift in Sources */ = {isa = PBXBuildFile; fileRef = 959A9B932C7DAB4F00B45AB5 /* RoutineManager.swift */; };
		959A9B962C7DAB8100B45AB5 /* Routine.swift in Sources */ = {isa = PBXBuildFile; fileRef = 959A9B952C7DAB8100B45AB5 /* Routine.swift */; };
		959A9B9A2C7F703600B45AB5 /* MockRoutine.swift in Sources */ = {isa = PBXBuildFile; fileRef = 959A9B992C7F703600B45AB5 /* MockRoutine.swift */; };
		959A9B9C2C83761900B45AB5 /* SearchWorkoutView.swift in Sources */ = {isa = PBXBuildFile; fileRef = 959A9B9B2C83761900B45AB5 /* SearchWorkoutView.swift */; };
/* End PBXBuildFile section */

/* Begin PBXContainerItemProxy section */
		95712D7C2C74661C00C50249 /* PBXContainerItemProxy */ = {
			isa = PBXContainerItemProxy;
			containerPortal = 95712D632C74661A00C50249 /* Project object */;
			proxyType = 1;
			remoteGlobalIDString = 95712D6A2C74661A00C50249;
			remoteInfo = GymGym;
		};
		95712D862C74661C00C50249 /* PBXContainerItemProxy */ = {
			isa = PBXContainerItemProxy;
			containerPortal = 95712D632C74661A00C50249 /* Project object */;
			proxyType = 1;
			remoteGlobalIDString = 95712D6A2C74661A00C50249;
			remoteInfo = GymGym;
		};
/* End PBXContainerItemProxy section */

/* Begin PBXFileReference section */
		95712D6B2C74661A00C50249 /* GymGym.app */ = {isa = PBXFileReference; explicitFileType = wrapper.application; includeInIndex = 0; path = GymGym.app; sourceTree = BUILT_PRODUCTS_DIR; };
		95712D6E2C74661A00C50249 /* GymGymApp.swift */ = {isa = PBXFileReference; lastKnownFileType = sourcecode.swift; path = GymGymApp.swift; sourceTree = "<group>"; };
		95712D702C74661A00C50249 /* ContentView.swift */ = {isa = PBXFileReference; lastKnownFileType = sourcecode.swift; path = ContentView.swift; sourceTree = "<group>"; };
		95712D722C74661B00C50249 /* Assets.xcassets */ = {isa = PBXFileReference; lastKnownFileType = folder.assetcatalog; path = Assets.xcassets; sourceTree = "<group>"; };
		95712D752C74661B00C50249 /* Preview Assets.xcassets */ = {isa = PBXFileReference; lastKnownFileType = folder.assetcatalog; path = "Preview Assets.xcassets"; sourceTree = "<group>"; };
		95712D7B2C74661C00C50249 /* GymGymTests.xctest */ = {isa = PBXFileReference; explicitFileType = wrapper.cfbundle; includeInIndex = 0; path = GymGymTests.xctest; sourceTree = BUILT_PRODUCTS_DIR; };
		95712D7F2C74661C00C50249 /* GymGymTests.swift */ = {isa = PBXFileReference; lastKnownFileType = sourcecode.swift; path = GymGymTests.swift; sourceTree = "<group>"; };
		95712D852C74661C00C50249 /* GymGymUITests.xctest */ = {isa = PBXFileReference; explicitFileType = wrapper.cfbundle; includeInIndex = 0; path = GymGymUITests.xctest; sourceTree = BUILT_PRODUCTS_DIR; };
		95712D892C74661C00C50249 /* GymGymUITests.swift */ = {isa = PBXFileReference; lastKnownFileType = sourcecode.swift; path = GymGymUITests.swift; sourceTree = "<group>"; };
		95712D8B2C74661C00C50249 /* GymGymUITestsLaunchTests.swift */ = {isa = PBXFileReference; lastKnownFileType = sourcecode.swift; path = GymGymUITestsLaunchTests.swift; sourceTree = "<group>"; };
		95712DA02C74A59900C50249 /* WorkoutView.swift */ = {isa = PBXFileReference; lastKnownFileType = sourcecode.swift; path = WorkoutView.swift; sourceTree = "<group>"; };
		95712DA22C74A5CB00C50249 /* RoutineView.swift */ = {isa = PBXFileReference; lastKnownFileType = sourcecode.swift; path = RoutineView.swift; sourceTree = "<group>"; };
		95712DA42C74A5D800C50249 /* RecordView.swift */ = {isa = PBXFileReference; lastKnownFileType = sourcecode.swift; path = RecordView.swift; sourceTree = "<group>"; };
		95712DA62C74A5E000C50249 /* MoreView.swift */ = {isa = PBXFileReference; lastKnownFileType = sourcecode.swift; path = MoreView.swift; sourceTree = "<group>"; };
		95712DA92C74A8B400C50249 /* AddRoutineView.swift */ = {isa = PBXFileReference; lastKnownFileType = sourcecode.swift; path = AddRoutineView.swift; sourceTree = "<group>"; };
		95712DAB2C74F54900C50249 /* AddWorkOutView.swift */ = {isa = PBXFileReference; lastKnownFileType = sourcecode.swift; path = AddWorkOutView.swift; sourceTree = "<group>"; };
		95712DAF2C74F89C00C50249 /* WorkPartSelection.swift */ = {isa = PBXFileReference; lastKnownFileType = sourcecode.swift; path = WorkPartSelection.swift; sourceTree = "<group>"; };
		95712DB12C75089300C50249 /* CustomTextField.swift */ = {isa = PBXFileReference; lastKnownFileType = sourcecode.swift; path = CustomTextField.swift; sourceTree = "<group>"; };
		95712DB32C7654EF00C50249 /* HideKeyboard.swift */ = {isa = PBXFileReference; lastKnownFileType = sourcecode.swift; path = HideKeyboard.swift; sourceTree = "<group>"; };
		95712DB52C77939B00C50249 /* Workout.swift */ = {isa = PBXFileReference; lastKnownFileType = sourcecode.swift; path = Workout.swift; sourceTree = "<group>"; };
		95712DB82C788CE600C50249 /* WorkoutManager.swift */ = {isa = PBXFileReference; lastKnownFileType = sourcecode.swift; path = WorkoutManager.swift; sourceTree = "<group>"; };
		95712DBA2C7B02A300C50249 /* ExpandableView.swift */ = {isa = PBXFileReference; lastKnownFileType = sourcecode.swift; path = ExpandableView.swift; sourceTree = "<group>"; };
		959A9B932C7DAB4F00B45AB5 /* RoutineManager.swift */ = {isa = PBXFileReference; lastKnownFileType = sourcecode.swift; path = RoutineManager.swift; sourceTree = "<group>"; };
		959A9B952C7DAB8100B45AB5 /* Routine.swift */ = {isa = PBXFileReference; lastKnownFileType = sourcecode.swift; path = Routine.swift; sourceTree = "<group>"; };
		959A9B992C7F703600B45AB5 /* MockRoutine.swift */ = {isa = PBXFileReference; lastKnownFileType = sourcecode.swift; path = MockRoutine.swift; sourceTree = "<group>"; };
		959A9B9B2C83761900B45AB5 /* SearchWorkoutView.swift */ = {isa = PBXFileReference; lastKnownFileType = sourcecode.swift; path = SearchWorkoutView.swift; sourceTree = "<group>"; };
/* End PBXFileReference section */

/* Begin PBXFrameworksBuildPhase section */
		95712D682C74661A00C50249 /* Frameworks */ = {
			isa = PBXFrameworksBuildPhase;
			buildActionMask = 2147483647;
			files = (
			);
			runOnlyForDeploymentPostprocessing = 0;
		};
		95712D782C74661C00C50249 /* Frameworks */ = {
			isa = PBXFrameworksBuildPhase;
			buildActionMask = 2147483647;
			files = (
			);
			runOnlyForDeploymentPostprocessing = 0;
		};
		95712D822C74661C00C50249 /* Frameworks */ = {
			isa = PBXFrameworksBuildPhase;
			buildActionMask = 2147483647;
			files = (
			);
			runOnlyForDeploymentPostprocessing = 0;
		};
/* End PBXFrameworksBuildPhase section */

/* Begin PBXGroup section */
		95712D622C74661A00C50249 = {
			isa = PBXGroup;
			children = (
				95712D6D2C74661A00C50249 /* GymGym */,
				95712D7E2C74661C00C50249 /* GymGymTests */,
				95712D882C74661C00C50249 /* GymGymUITests */,
				95712D6C2C74661A00C50249 /* Products */,
			);
			sourceTree = "<group>";
		};
		95712D6C2C74661A00C50249 /* Products */ = {
			isa = PBXGroup;
			children = (
				95712D6B2C74661A00C50249 /* GymGym.app */,
				95712D7B2C74661C00C50249 /* GymGymTests.xctest */,
				95712D852C74661C00C50249 /* GymGymUITests.xctest */,
			);
			name = Products;
			sourceTree = "<group>";
		};
		95712D6D2C74661A00C50249 /* GymGym */ = {
			isa = PBXGroup;
			children = (
				95712D6E2C74661A00C50249 /* GymGymApp.swift */,
				95712D702C74661A00C50249 /* ContentView.swift */,
				95712DB32C7654EF00C50249 /* HideKeyboard.swift */,
				95712D722C74661B00C50249 /* Assets.xcassets */,
				95712D742C74661B00C50249 /* Preview Content */,
				95712DA82C74A61300C50249 /* Tabs */,
			);
			path = GymGym;
			sourceTree = "<group>";
		};
		95712D742C74661B00C50249 /* Preview Content */ = {
			isa = PBXGroup;
			children = (
				95712D752C74661B00C50249 /* Preview Assets.xcassets */,
			);
			path = "Preview Content";
			sourceTree = "<group>";
		};
		95712D7E2C74661C00C50249 /* GymGymTests */ = {
			isa = PBXGroup;
			children = (
				95712D7F2C74661C00C50249 /* GymGymTests.swift */,
			);
			path = GymGymTests;
			sourceTree = "<group>";
		};
		95712D882C74661C00C50249 /* GymGymUITests */ = {
			isa = PBXGroup;
			children = (
				95712D892C74661C00C50249 /* GymGymUITests.swift */,
				95712D8B2C74661C00C50249 /* GymGymUITestsLaunchTests.swift */,
			);
			path = GymGymUITests;
			sourceTree = "<group>";
		};
		95712DA82C74A61300C50249 /* Tabs */ = {
			isa = PBXGroup;
			children = (
				959A9B972C7DB5E500B45AB5 /* Views */,
				959A9B982C7DB62700B45AB5 /* Manager and Components */,
				95712DAF2C74F89C00C50249 /* WorkPartSelection.swift */,
				95712DB12C75089300C50249 /* CustomTextField.swift */,
			);
			path = Tabs;
			sourceTree = "<group>";
		};
		959A9B972C7DB5E500B45AB5 /* Views */ = {
			isa = PBXGroup;
			children = (
				95712DA22C74A5CB00C50249 /* RoutineView.swift */,
				95712DA92C74A8B400C50249 /* AddRoutineView.swift */,
				95712DAB2C74F54900C50249 /* AddWorkOutView.swift */,
				959A9B9B2C83761900B45AB5 /* SearchWorkoutView.swift */,
				95712DA02C74A59900C50249 /* WorkoutView.swift */,
				95712DA42C74A5D800C50249 /* RecordView.swift */,
				95712DA62C74A5E000C50249 /* MoreView.swift */,
				95712DBA2C7B02A300C50249 /* ExpandableView.swift */,
				959A9B992C7F703600B45AB5 /* MockRoutine.swift */,
			);
			path = Views;
			sourceTree = "<group>";
		};
		959A9B982C7DB62700B45AB5 /* Manager and Components */ = {
			isa = PBXGroup;
			children = (
				959A9B952C7DAB8100B45AB5 /* Routine.swift */,
				959A9B932C7DAB4F00B45AB5 /* RoutineManager.swift */,
				95712DB52C77939B00C50249 /* Workout.swift */,
				95712DB82C788CE600C50249 /* WorkoutManager.swift */,
			);
			path = "Manager and Components";
			sourceTree = "<group>";
		};
/* End PBXGroup section */

/* Begin PBXNativeTarget section */
		95712D6A2C74661A00C50249 /* GymGym */ = {
			isa = PBXNativeTarget;
			buildConfigurationList = 95712D8F2C74661C00C50249 /* Build configuration list for PBXNativeTarget "GymGym" */;
			buildPhases = (
				95712D672C74661A00C50249 /* Sources */,
				95712D682C74661A00C50249 /* Frameworks */,
				95712D692C74661A00C50249 /* Resources */,
			);
			buildRules = (
			);
			dependencies = (
			);
			name = GymGym;
			productName = GymGym;
			productReference = 95712D6B2C74661A00C50249 /* GymGym.app */;
			productType = "com.apple.product-type.application";
		};
		95712D7A2C74661C00C50249 /* GymGymTests */ = {
			isa = PBXNativeTarget;
			buildConfigurationList = 95712D922C74661C00C50249 /* Build configuration list for PBXNativeTarget "GymGymTests" */;
			buildPhases = (
				95712D772C74661C00C50249 /* Sources */,
				95712D782C74661C00C50249 /* Frameworks */,
				95712D792C74661C00C50249 /* Resources */,
			);
			buildRules = (
			);
			dependencies = (
				95712D7D2C74661C00C50249 /* PBXTargetDependency */,
			);
			name = GymGymTests;
			productName = GymGymTests;
			productReference = 95712D7B2C74661C00C50249 /* GymGymTests.xctest */;
			productType = "com.apple.product-type.bundle.unit-test";
		};
		95712D842C74661C00C50249 /* GymGymUITests */ = {
			isa = PBXNativeTarget;
			buildConfigurationList = 95712D952C74661C00C50249 /* Build configuration list for PBXNativeTarget "GymGymUITests" */;
			buildPhases = (
				95712D812C74661C00C50249 /* Sources */,
				95712D822C74661C00C50249 /* Frameworks */,
				95712D832C74661C00C50249 /* Resources */,
			);
			buildRules = (
			);
			dependencies = (
				95712D872C74661C00C50249 /* PBXTargetDependency */,
			);
			name = GymGymUITests;
			productName = GymGymUITests;
			productReference = 95712D852C74661C00C50249 /* GymGymUITests.xctest */;
			productType = "com.apple.product-type.bundle.ui-testing";
		};
/* End PBXNativeTarget section */

/* Begin PBXProject section */
		95712D632C74661A00C50249 /* Project object */ = {
			isa = PBXProject;
			attributes = {
				BuildIndependentTargetsInParallel = 1;
				LastSwiftUpdateCheck = 1540;
				LastUpgradeCheck = 1620;
				TargetAttributes = {
					95712D6A2C74661A00C50249 = {
						CreatedOnToolsVersion = 15.4;
					};
					95712D7A2C74661C00C50249 = {
						CreatedOnToolsVersion = 15.4;
						TestTargetID = 95712D6A2C74661A00C50249;
					};
					95712D842C74661C00C50249 = {
						CreatedOnToolsVersion = 15.4;
						TestTargetID = 95712D6A2C74661A00C50249;
					};
				};
			};
			buildConfigurationList = 95712D662C74661A00C50249 /* Build configuration list for PBXProject "GymGym" */;
			compatibilityVersion = "Xcode 14.0";
			developmentRegion = en;
			hasScannedForEncodings = 0;
			knownRegions = (
				en,
				Base,
			);
			mainGroup = 95712D622C74661A00C50249;
			packageReferences = (
			);
			productRefGroup = 95712D6C2C74661A00C50249 /* Products */;
			projectDirPath = "";
			projectRoot = "";
			targets = (
				95712D6A2C74661A00C50249 /* GymGym */,
				95712D7A2C74661C00C50249 /* GymGymTests */,
				95712D842C74661C00C50249 /* GymGymUITests */,
			);
		};
/* End PBXProject section */

/* Begin PBXResourcesBuildPhase section */
		95712D692C74661A00C50249 /* Resources */ = {
			isa = PBXResourcesBuildPhase;
			buildActionMask = 2147483647;
			files = (
				95712D762C74661B00C50249 /* Preview Assets.xcassets in Resources */,
				95712D732C74661B00C50249 /* Assets.xcassets in Resources */,
			);
			runOnlyForDeploymentPostprocessing = 0;
		};
		95712D792C74661C00C50249 /* Resources */ = {
			isa = PBXResourcesBuildPhase;
			buildActionMask = 2147483647;
			files = (
			);
			runOnlyForDeploymentPostprocessing = 0;
		};
		95712D832C74661C00C50249 /* Resources */ = {
			isa = PBXResourcesBuildPhase;
			buildActionMask = 2147483647;
			files = (
			);
			runOnlyForDeploymentPostprocessing = 0;
		};
/* End PBXResourcesBuildPhase section */

/* Begin PBXSourcesBuildPhase section */
		95712D672C74661A00C50249 /* Sources */ = {
			isa = PBXSourcesBuildPhase;
			buildActionMask = 2147483647;
			files = (
				95712DB42C7654EF00C50249 /* HideKeyboard.swift in Sources */,
				959A9B9A2C7F703600B45AB5 /* MockRoutine.swift in Sources */,
				95712D712C74661A00C50249 /* ContentView.swift in Sources */,
				959A9B942C7DAB4F00B45AB5 /* RoutineManager.swift in Sources */,
				95712DA72C74A5E000C50249 /* MoreView.swift in Sources */,
				95712DB02C74F89C00C50249 /* WorkPartSelection.swift in Sources */,
				95712DA32C74A5CB00C50249 /* RoutineView.swift in Sources */,
				95712DB22C75089300C50249 /* CustomTextField.swift in Sources */,
				95712DBB2C7B02A300C50249 /* ExpandableView.swift in Sources */,
				95712DA12C74A59900C50249 /* WorkoutView.swift in Sources */,
				95712DA52C74A5D800C50249 /* RecordView.swift in Sources */,
				95712DAA2C74A8B400C50249 /* AddRoutineView.swift in Sources */,
				959A9B9C2C83761900B45AB5 /* SearchWorkoutView.swift in Sources */,
				95712DAC2C74F54900C50249 /* AddWorkOutView.swift in Sources */,
				95712D6F2C74661A00C50249 /* GymGymApp.swift in Sources */,
				95712DB92C788CE600C50249 /* WorkoutManager.swift in Sources */,
				959A9B962C7DAB8100B45AB5 /* Routine.swift in Sources */,
				95712DB62C77939B00C50249 /* Workout.swift in Sources */,
			);
			runOnlyForDeploymentPostprocessing = 0;
		};
		95712D772C74661C00C50249 /* Sources */ = {
			isa = PBXSourcesBuildPhase;
			buildActionMask = 2147483647;
			files = (
				95712D802C74661C00C50249 /* GymGymTests.swift in Sources */,
			);
			runOnlyForDeploymentPostprocessing = 0;
		};
		95712D812C74661C00C50249 /* Sources */ = {
			isa = PBXSourcesBuildPhase;
			buildActionMask = 2147483647;
			files = (
				95712D8C2C74661C00C50249 /* GymGymUITestsLaunchTests.swift in Sources */,
				95712D8A2C74661C00C50249 /* GymGymUITests.swift in Sources */,
			);
			runOnlyForDeploymentPostprocessing = 0;
		};
/* End PBXSourcesBuildPhase section */

/* Begin PBXTargetDependency section */
		95712D7D2C74661C00C50249 /* PBXTargetDependency */ = {
			isa = PBXTargetDependency;
			target = 95712D6A2C74661A00C50249 /* GymGym */;
			targetProxy = 95712D7C2C74661C00C50249 /* PBXContainerItemProxy */;
		};
		95712D872C74661C00C50249 /* PBXTargetDependency */ = {
			isa = PBXTargetDependency;
			target = 95712D6A2C74661A00C50249 /* GymGym */;
			targetProxy = 95712D862C74661C00C50249 /* PBXContainerItemProxy */;
		};
/* End PBXTargetDependency section */

/* Begin XCBuildConfiguration section */
		95712D8D2C74661C00C50249 /* Debug */ = {
			isa = XCBuildConfiguration;
			buildSettings = {
				ALWAYS_SEARCH_USER_PATHS = NO;
				ASSETCATALOG_COMPILER_GENERATE_SWIFT_ASSET_SYMBOL_EXTENSIONS = YES;
				CLANG_ANALYZER_NONNULL = YES;
				CLANG_ANALYZER_NUMBER_OBJECT_CONVERSION = YES_AGGRESSIVE;
				CLANG_CXX_LANGUAGE_STANDARD = "gnu++20";
				CLANG_ENABLE_MODULES = YES;
				CLANG_ENABLE_OBJC_ARC = YES;
				CLANG_ENABLE_OBJC_WEAK = YES;
				CLANG_WARN_BLOCK_CAPTURE_AUTORELEASING = YES;
				CLANG_WARN_BOOL_CONVERSION = YES;
				CLANG_WARN_COMMA = YES;
				CLANG_WARN_CONSTANT_CONVERSION = YES;
				CLANG_WARN_DEPRECATED_OBJC_IMPLEMENTATIONS = YES;
				CLANG_WARN_DIRECT_OBJC_ISA_USAGE = YES_ERROR;
				CLANG_WARN_DOCUMENTATION_COMMENTS = YES;
				CLANG_WARN_EMPTY_BODY = YES;
				CLANG_WARN_ENUM_CONVERSION = YES;
				CLANG_WARN_INFINITE_RECURSION = YES;
				CLANG_WARN_INT_CONVERSION = YES;
				CLANG_WARN_NON_LITERAL_NULL_CONVERSION = YES;
				CLANG_WARN_OBJC_IMPLICIT_RETAIN_SELF = YES;
				CLANG_WARN_OBJC_LITERAL_CONVERSION = YES;
				CLANG_WARN_OBJC_ROOT_CLASS = YES_ERROR;
				CLANG_WARN_QUOTED_INCLUDE_IN_FRAMEWORK_HEADER = YES;
				CLANG_WARN_RANGE_LOOP_ANALYSIS = YES;
				CLANG_WARN_STRICT_PROTOTYPES = YES;
				CLANG_WARN_SUSPICIOUS_MOVE = YES;
				CLANG_WARN_UNGUARDED_AVAILABILITY = YES_AGGRESSIVE;
				CLANG_WARN_UNREACHABLE_CODE = YES;
				CLANG_WARN__DUPLICATE_METHOD_MATCH = YES;
				COPY_PHASE_STRIP = NO;
				DEBUG_INFORMATION_FORMAT = dwarf;
				ENABLE_STRICT_OBJC_MSGSEND = YES;
				ENABLE_TESTABILITY = YES;
				ENABLE_USER_SCRIPT_SANDBOXING = YES;
				GCC_C_LANGUAGE_STANDARD = gnu17;
				GCC_DYNAMIC_NO_PIC = NO;
				GCC_NO_COMMON_BLOCKS = YES;
				GCC_OPTIMIZATION_LEVEL = 0;
				GCC_PREPROCESSOR_DEFINITIONS = (
					"DEBUG=1",
					"$(inherited)",
				);
				GCC_WARN_64_TO_32_BIT_CONVERSION = YES;
				GCC_WARN_ABOUT_RETURN_TYPE = YES_ERROR;
				GCC_WARN_UNDECLARED_SELECTOR = YES;
				GCC_WARN_UNINITIALIZED_AUTOS = YES_AGGRESSIVE;
				GCC_WARN_UNUSED_FUNCTION = YES;
				GCC_WARN_UNUSED_VARIABLE = YES;
				IPHONEOS_DEPLOYMENT_TARGET = 17.5;
				LOCALIZATION_PREFERS_STRING_CATALOGS = YES;
				MTL_ENABLE_DEBUG_INFO = INCLUDE_SOURCE;
				MTL_FAST_MATH = YES;
				ONLY_ACTIVE_ARCH = YES;
				SDKROOT = iphoneos;
				SWIFT_ACTIVE_COMPILATION_CONDITIONS = "DEBUG $(inherited)";
				SWIFT_OPTIMIZATION_LEVEL = "-Onone";
			};
			name = Debug;
		};
		95712D8E2C74661C00C50249 /* Release */ = {
			isa = XCBuildConfiguration;
			buildSettings = {
				ALWAYS_SEARCH_USER_PATHS = NO;
				ASSETCATALOG_COMPILER_GENERATE_SWIFT_ASSET_SYMBOL_EXTENSIONS = YES;
				CLANG_ANALYZER_NONNULL = YES;
				CLANG_ANALYZER_NUMBER_OBJECT_CONVERSION = YES_AGGRESSIVE;
				CLANG_CXX_LANGUAGE_STANDARD = "gnu++20";
				CLANG_ENABLE_MODULES = YES;
				CLANG_ENABLE_OBJC_ARC = YES;
				CLANG_ENABLE_OBJC_WEAK = YES;
				CLANG_WARN_BLOCK_CAPTURE_AUTORELEASING = YES;
				CLANG_WARN_BOOL_CONVERSION = YES;
				CLANG_WARN_COMMA = YES;
				CLANG_WARN_CONSTANT_CONVERSION = YES;
				CLANG_WARN_DEPRECATED_OBJC_IMPLEMENTATIONS = YES;
				CLANG_WARN_DIRECT_OBJC_ISA_USAGE = YES_ERROR;
				CLANG_WARN_DOCUMENTATION_COMMENTS = YES;
				CLANG_WARN_EMPTY_BODY = YES;
				CLANG_WARN_ENUM_CONVERSION = YES;
				CLANG_WARN_INFINITE_RECURSION = YES;
				CLANG_WARN_INT_CONVERSION = YES;
				CLANG_WARN_NON_LITERAL_NULL_CONVERSION = YES;
				CLANG_WARN_OBJC_IMPLICIT_RETAIN_SELF = YES;
				CLANG_WARN_OBJC_LITERAL_CONVERSION = YES;
				CLANG_WARN_OBJC_ROOT_CLASS = YES_ERROR;
				CLANG_WARN_QUOTED_INCLUDE_IN_FRAMEWORK_HEADER = YES;
				CLANG_WARN_RANGE_LOOP_ANALYSIS = YES;
				CLANG_WARN_STRICT_PROTOTYPES = YES;
				CLANG_WARN_SUSPICIOUS_MOVE = YES;
				CLANG_WARN_UNGUARDED_AVAILABILITY = YES_AGGRESSIVE;
				CLANG_WARN_UNREACHABLE_CODE = YES;
				CLANG_WARN__DUPLICATE_METHOD_MATCH = YES;
				COPY_PHASE_STRIP = NO;
				DEBUG_INFORMATION_FORMAT = "dwarf-with-dsym";
				ENABLE_NS_ASSERTIONS = NO;
				ENABLE_STRICT_OBJC_MSGSEND = YES;
				ENABLE_USER_SCRIPT_SANDBOXING = YES;
				GCC_C_LANGUAGE_STANDARD = gnu17;
				GCC_NO_COMMON_BLOCKS = YES;
				GCC_WARN_64_TO_32_BIT_CONVERSION = YES;
				GCC_WARN_ABOUT_RETURN_TYPE = YES_ERROR;
				GCC_WARN_UNDECLARED_SELECTOR = YES;
				GCC_WARN_UNINITIALIZED_AUTOS = YES_AGGRESSIVE;
				GCC_WARN_UNUSED_FUNCTION = YES;
				GCC_WARN_UNUSED_VARIABLE = YES;
				IPHONEOS_DEPLOYMENT_TARGET = 17.5;
				LOCALIZATION_PREFERS_STRING_CATALOGS = YES;
				MTL_ENABLE_DEBUG_INFO = NO;
				MTL_FAST_MATH = YES;
				SDKROOT = iphoneos;
				SWIFT_COMPILATION_MODE = wholemodule;
				VALIDATE_PRODUCT = YES;
			};
			name = Release;
		};
		95712D902C74661C00C50249 /* Debug */ = {
			isa = XCBuildConfiguration;
			buildSettings = {
				ASSETCATALOG_COMPILER_APPICON_NAME = AppIcon;
				ASSETCATALOG_COMPILER_GLOBAL_ACCENT_COLOR_NAME = AccentColor;
				CODE_SIGN_STYLE = Automatic;
				CURRENT_PROJECT_VERSION = 1;
				DEVELOPMENT_ASSET_PATHS = "\"GymGym/Preview Content\"";
				DEVELOPMENT_TEAM = S34X948N75;
				ENABLE_PREVIEWS = YES;
				GENERATE_INFOPLIST_FILE = YES;
				INFOPLIST_KEY_UIApplicationSceneManifest_Generation = YES;
				INFOPLIST_KEY_UIApplicationSupportsIndirectInputEvents = YES;
				INFOPLIST_KEY_UILaunchScreen_Generation = YES;
				INFOPLIST_KEY_UISupportedInterfaceOrientations_iPad = "UIInterfaceOrientationPortrait UIInterfaceOrientationPortraitUpsideDown UIInterfaceOrientationLandscapeLeft UIInterfaceOrientationLandscapeRight";
				INFOPLIST_KEY_UISupportedInterfaceOrientations_iPhone = "UIInterfaceOrientationPortrait UIInterfaceOrientationLandscapeLeft UIInterfaceOrientationLandscapeRight";
				LD_RUNPATH_SEARCH_PATHS = (
					"$(inherited)",
					"@executable_path/Frameworks",
				);
				MARKETING_VERSION = 1.0;
				PRODUCT_BUNDLE_IDENTIFIER = com.WilliamKim.GymGym;
				PRODUCT_NAME = "$(TARGET_NAME)";
				SWIFT_EMIT_LOC_STRINGS = YES;
				SWIFT_VERSION = 5.0;
				TARGETED_DEVICE_FAMILY = "1,2";
			};
			name = Debug;
		};
		95712D912C74661C00C50249 /* Release */ = {
			isa = XCBuildConfiguration;
			buildSettings = {
				ASSETCATALOG_COMPILER_APPICON_NAME = AppIcon;
				ASSETCATALOG_COMPILER_GLOBAL_ACCENT_COLOR_NAME = AccentColor;
				CODE_SIGN_STYLE = Automatic;
				CURRENT_PROJECT_VERSION = 1;
				DEVELOPMENT_ASSET_PATHS = "\"GymGym/Preview Content\"";
				DEVELOPMENT_TEAM = S34X948N75;
				ENABLE_PREVIEWS = YES;
				GENERATE_INFOPLIST_FILE = YES;
				INFOPLIST_KEY_UIApplicationSceneManifest_Generation = YES;
				INFOPLIST_KEY_UIApplicationSupportsIndirectInputEvents = YES;
				INFOPLIST_KEY_UILaunchScreen_Generation = YES;
				INFOPLIST_KEY_UISupportedInterfaceOrientations_iPad = "UIInterfaceOrientationPortrait UIInterfaceOrientationPortraitUpsideDown UIInterfaceOrientationLandscapeLeft UIInterfaceOrientationLandscapeRight";
				INFOPLIST_KEY_UISupportedInterfaceOrientations_iPhone = "UIInterfaceOrientationPortrait UIInterfaceOrientationLandscapeLeft UIInterfaceOrientationLandscapeRight";
				LD_RUNPATH_SEARCH_PATHS = (
					"$(inherited)",
					"@executable_path/Frameworks",
				);
				MARKETING_VERSION = 1.0;
				PRODUCT_BUNDLE_IDENTIFIER = com.WilliamKim.GymGym;
				PRODUCT_NAME = "$(TARGET_NAME)";
				SWIFT_EMIT_LOC_STRINGS = YES;
				SWIFT_VERSION = 5.0;
				TARGETED_DEVICE_FAMILY = "1,2";
			};
			name = Release;
		};
		95712D932C74661C00C50249 /* Debug */ = {
			isa = XCBuildConfiguration;
			buildSettings = {
				BUNDLE_LOADER = "$(TEST_HOST)";
				CODE_SIGN_STYLE = Automatic;
				CURRENT_PROJECT_VERSION = 1;
				DEVELOPMENT_TEAM = S34X948N75;
				GENERATE_INFOPLIST_FILE = YES;
				IPHONEOS_DEPLOYMENT_TARGET = 17.5;
				MARKETING_VERSION = 1.0;
				PRODUCT_BUNDLE_IDENTIFIER = com.WilliamKim.GymGymTests;
				PRODUCT_NAME = "$(TARGET_NAME)";
				SWIFT_EMIT_LOC_STRINGS = NO;
				SWIFT_VERSION = 5.0;
				TARGETED_DEVICE_FAMILY = "1,2";
				TEST_HOST = "$(BUILT_PRODUCTS_DIR)/GymGym.app/$(BUNDLE_EXECUTABLE_FOLDER_PATH)/GymGym";
			};
			name = Debug;
		};
		95712D942C74661C00C50249 /* Release */ = {
			isa = XCBuildConfiguration;
			buildSettings = {
				BUNDLE_LOADER = "$(TEST_HOST)";
				CODE_SIGN_STYLE = Automatic;
				CURRENT_PROJECT_VERSION = 1;
				DEVELOPMENT_TEAM = S34X948N75;
				GENERATE_INFOPLIST_FILE = YES;
				IPHONEOS_DEPLOYMENT_TARGET = 17.5;
				MARKETING_VERSION = 1.0;
				PRODUCT_BUNDLE_IDENTIFIER = com.WilliamKim.GymGymTests;
				PRODUCT_NAME = "$(TARGET_NAME)";
				SWIFT_EMIT_LOC_STRINGS = NO;
				SWIFT_VERSION = 5.0;
				TARGETED_DEVICE_FAMILY = "1,2";
				TEST_HOST = "$(BUILT_PRODUCTS_DIR)/GymGym.app/$(BUNDLE_EXECUTABLE_FOLDER_PATH)/GymGym";
			};
			name = Release;
		};
		95712D962C74661C00C50249 /* Debug */ = {
			isa = XCBuildConfiguration;
			buildSettings = {
				CODE_SIGN_STYLE = Automatic;
				CURRENT_PROJECT_VERSION = 1;
				DEVELOPMENT_TEAM = S34X948N75;
				GENERATE_INFOPLIST_FILE = YES;
				MARKETING_VERSION = 1.0;
				PRODUCT_BUNDLE_IDENTIFIER = com.WilliamKim.GymGymUITests;
				PRODUCT_NAME = "$(TARGET_NAME)";
				SWIFT_EMIT_LOC_STRINGS = NO;
				SWIFT_VERSION = 5.0;
				TARGETED_DEVICE_FAMILY = "1,2";
				TEST_TARGET_NAME = GymGym;
			};
			name = Debug;
		};
		95712D972C74661C00C50249 /* Release */ = {
			isa = XCBuildConfiguration;
			buildSettings = {
				CODE_SIGN_STYLE = Automatic;
				CURRENT_PROJECT_VERSION = 1;
				DEVELOPMENT_TEAM = S34X948N75;
				GENERATE_INFOPLIST_FILE = YES;
				MARKETING_VERSION = 1.0;
				PRODUCT_BUNDLE_IDENTIFIER = com.WilliamKim.GymGymUITests;
				PRODUCT_NAME = "$(TARGET_NAME)";
				SWIFT_EMIT_LOC_STRINGS = NO;
				SWIFT_VERSION = 5.0;
				TARGETED_DEVICE_FAMILY = "1,2";
				TEST_TARGET_NAME = GymGym;
			};
			name = Release;
		};
/* End XCBuildConfiguration section */

/* Begin XCConfigurationList section */
		95712D662C74661A00C50249 /* Build configuration list for PBXProject "GymGym" */ = {
			isa = XCConfigurationList;
			buildConfigurations = (
				95712D8D2C74661C00C50249 /* Debug */,
				95712D8E2C74661C00C50249 /* Release */,
			);
			defaultConfigurationIsVisible = 0;
			defaultConfigurationName = Release;
		};
		95712D8F2C74661C00C50249 /* Build configuration list for PBXNativeTarget "GymGym" */ = {
			isa = XCConfigurationList;
			buildConfigurations = (
				95712D902C74661C00C50249 /* Debug */,
				95712D912C74661C00C50249 /* Release */,
			);
			defaultConfigurationIsVisible = 0;
			defaultConfigurationName = Release;
		};
		95712D922C74661C00C50249 /* Build configuration list for PBXNativeTarget "GymGymTests" */ = {
			isa = XCConfigurationList;
			buildConfigurations = (
				95712D932C74661C00C50249 /* Debug */,
				95712D942C74661C00C50249 /* Release */,
			);
			defaultConfigurationIsVisible = 0;
			defaultConfigurationName = Release;
		};
		95712D952C74661C00C50249 /* Build configuration list for PBXNativeTarget "GymGymUITests" */ = {
			isa = XCConfigurationList;
			buildConfigurations = (
				95712D962C74661C00C50249 /* Debug */,
				95712D972C74661C00C50249 /* Release */,
			);
			defaultConfigurationIsVisible = 0;
			defaultConfigurationName = Release;
		};
/* End XCConfigurationList section */
	};
	rootObject = 95712D632C74661A00C50249 /* Project object */;
}
